// !$*UTF8*$!
{
	archiveVersion = 1;
	classes = {
	};
	objectVersion = 46;
	objects = {

/* Begin PBXBuildFile section */
		D23E694214487E4100FE0376 /* UIKit.framework in Frameworks */ = {isa = PBXBuildFile; fileRef = D23E694114487E4100FE0376 /* UIKit.framework */; };
		D23E694414487E4100FE0376 /* Foundation.framework in Frameworks */ = {isa = PBXBuildFile; fileRef = D23E694314487E4100FE0376 /* Foundation.framework */; };
		D23E694614487E4100FE0376 /* CoreGraphics.framework in Frameworks */ = {isa = PBXBuildFile; fileRef = D23E694514487E4100FE0376 /* CoreGraphics.framework */; };
		D23E694C14487E4100FE0376 /* InfoPlist.strings in Resources */ = {isa = PBXBuildFile; fileRef = D23E694A14487E4100FE0376 /* InfoPlist.strings */; };
		D23E694E14487E4100FE0376 /* main.m in Sources */ = {isa = PBXBuildFile; fileRef = D23E694D14487E4100FE0376 /* main.m */; };
		D23E695214487E4100FE0376 /* AVAppDelegate.m in Sources */ = {isa = PBXBuildFile; fileRef = D23E695114487E4100FE0376 /* AVAppDelegate.m */; };
		D23E695514487E4100FE0376 /* MainStoryboard_iPhone.storyboard in Resources */ = {isa = PBXBuildFile; fileRef = D23E695314487E4100FE0376 /* MainStoryboard_iPhone.storyboard */; };
		D23E695814487E4100FE0376 /* MainStoryboard_iPad.storyboard in Resources */ = {isa = PBXBuildFile; fileRef = D23E695614487E4100FE0376 /* MainStoryboard_iPad.storyboard */; };
		D23E695B14487E4100FE0376 /* AVViewController.m in Sources */ = {isa = PBXBuildFile; fileRef = D23E695A14487E4100FE0376 /* AVViewController.m */; };
		D23E696314487E4100FE0376 /* SenTestingKit.framework in Frameworks */ = {isa = PBXBuildFile; fileRef = D23E696214487E4100FE0376 /* SenTestingKit.framework */; };
		D23E696414487E4200FE0376 /* UIKit.framework in Frameworks */ = {isa = PBXBuildFile; fileRef = D23E694114487E4100FE0376 /* UIKit.framework */; };
		D23E696514487E4200FE0376 /* Foundation.framework in Frameworks */ = {isa = PBXBuildFile; fileRef = D23E694314487E4100FE0376 /* Foundation.framework */; };
		D23E696D14487E4200FE0376 /* InfoPlist.strings in Resources */ = {isa = PBXBuildFile; fileRef = D23E696B14487E4200FE0376 /* InfoPlist.strings */; };
		D23E697014487E4200FE0376 /* youeatTests.m in Sources */ = {isa = PBXBuildFile; fileRef = D23E696F14487E4200FE0376 /* youeatTests.m */; };
/* End PBXBuildFile section */

/* Begin PBXContainerItemProxy section */
		D23E696614487E4200FE0376 /* PBXContainerItemProxy */ = {
			isa = PBXContainerItemProxy;
			containerPortal = D23E693414487E4100FE0376 /* Project object */;
			proxyType = 1;
			remoteGlobalIDString = D23E693C14487E4100FE0376;
			remoteInfo = youeat;
		};
/* End PBXContainerItemProxy section */

/* Begin PBXFileReference section */
		D23E693D14487E4100FE0376 /* youeat.app */ = {isa = PBXFileReference; explicitFileType = wrapper.application; includeInIndex = 0; path = youeat.app; sourceTree = BUILT_PRODUCTS_DIR; };
		D23E694114487E4100FE0376 /* UIKit.framework */ = {isa = PBXFileReference; lastKnownFileType = wrapper.framework; name = UIKit.framework; path = System/Library/Frameworks/UIKit.framework; sourceTree = SDKROOT; };
		D23E694314487E4100FE0376 /* Foundation.framework */ = {isa = PBXFileReference; lastKnownFileType = wrapper.framework; name = Foundation.framework; path = System/Library/Frameworks/Foundation.framework; sourceTree = SDKROOT; };
		D23E694514487E4100FE0376 /* CoreGraphics.framework */ = {isa = PBXFileReference; lastKnownFileType = wrapper.framework; name = CoreGraphics.framework; path = System/Library/Frameworks/CoreGraphics.framework; sourceTree = SDKROOT; };
		D23E694914487E4100FE0376 /* youeat-Info.plist */ = {isa = PBXFileReference; lastKnownFileType = text.plist.xml; path = "youeat-Info.plist"; sourceTree = "<group>"; };
		D23E694B14487E4100FE0376 /* en */ = {isa = PBXFileReference; lastKnownFileType = text.plist.strings; name = en; path = en.lproj/InfoPlist.strings; sourceTree = "<group>"; };
		D23E694D14487E4100FE0376 /* main.m */ = {isa = PBXFileReference; lastKnownFileType = sourcecode.c.objc; path = main.m; sourceTree = "<group>"; };
		D23E694F14487E4100FE0376 /* youeat-Prefix.pch */ = {isa = PBXFileReference; lastKnownFileType = sourcecode.c.h; path = "youeat-Prefix.pch"; sourceTree = "<group>"; };
		D23E695014487E4100FE0376 /* AVAppDelegate.h */ = {isa = PBXFileReference; lastKnownFileType = sourcecode.c.h; path = AVAppDelegate.h; sourceTree = "<group>"; };
		D23E695114487E4100FE0376 /* AVAppDelegate.m */ = {isa = PBXFileReference; lastKnownFileType = sourcecode.c.objc; path = AVAppDelegate.m; sourceTree = "<group>"; };
		D23E695414487E4100FE0376 /* en */ = {isa = PBXFileReference; lastKnownFileType = file.storyboard; name = en; path = en.lproj/MainStoryboard_iPhone.storyboard; sourceTree = "<group>"; };
		D23E695714487E4100FE0376 /* en */ = {isa = PBXFileReference; lastKnownFileType = file.storyboard; name = en; path = en.lproj/MainStoryboard_iPad.storyboard; sourceTree = "<group>"; };
		D23E695914487E4100FE0376 /* AVViewController.h */ = {isa = PBXFileReference; lastKnownFileType = sourcecode.c.h; path = AVViewController.h; sourceTree = "<group>"; };
		D23E695A14487E4100FE0376 /* AVViewController.m */ = {isa = PBXFileReference; lastKnownFileType = sourcecode.c.objc; path = AVViewController.m; sourceTree = "<group>"; };
		D23E696114487E4100FE0376 /* youeatTests.octest */ = {isa = PBXFileReference; explicitFileType = wrapper.cfbundle; includeInIndex = 0; path = youeatTests.octest; sourceTree = BUILT_PRODUCTS_DIR; };
		D23E696214487E4100FE0376 /* SenTestingKit.framework */ = {isa = PBXFileReference; lastKnownFileType = wrapper.framework; name = SenTestingKit.framework; path = Library/Frameworks/SenTestingKit.framework; sourceTree = DEVELOPER_DIR; };
		D23E696A14487E4200FE0376 /* youeatTests-Info.plist */ = {isa = PBXFileReference; lastKnownFileType = text.plist.xml; path = "youeatTests-Info.plist"; sourceTree = "<group>"; };
		D23E696C14487E4200FE0376 /* en */ = {isa = PBXFileReference; lastKnownFileType = text.plist.strings; name = en; path = en.lproj/InfoPlist.strings; sourceTree = "<group>"; };
		D23E696E14487E4200FE0376 /* youeatTests.h */ = {isa = PBXFileReference; lastKnownFileType = sourcecode.c.h; path = youeatTests.h; sourceTree = "<group>"; };
		D23E696F14487E4200FE0376 /* youeatTests.m */ = {isa = PBXFileReference; lastKnownFileType = sourcecode.c.objc; path = youeatTests.m; sourceTree = "<group>"; };
/* End PBXFileReference section */

/* Begin PBXFrameworksBuildPhase section */
		D23E693A14487E4100FE0376 /* Frameworks */ = {
			isa = PBXFrameworksBuildPhase;
			buildActionMask = 2147483647;
			files = (
				D23E694214487E4100FE0376 /* UIKit.framework in Frameworks */,
				D23E694414487E4100FE0376 /* Foundation.framework in Frameworks */,
				D23E694614487E4100FE0376 /* CoreGraphics.framework in Frameworks */,
			);
			runOnlyForDeploymentPostprocessing = 0;
		};
		D23E695D14487E4100FE0376 /* Frameworks */ = {
			isa = PBXFrameworksBuildPhase;
			buildActionMask = 2147483647;
			files = (
				D23E696314487E4100FE0376 /* SenTestingKit.framework in Frameworks */,
				D23E696414487E4200FE0376 /* UIKit.framework in Frameworks */,
				D23E696514487E4200FE0376 /* Foundation.framework in Frameworks */,
			);
			runOnlyForDeploymentPostprocessing = 0;
		};
/* End PBXFrameworksBuildPhase section */

/* Begin PBXGroup section */
		D23E693214487E4100FE0376 = {
			isa = PBXGroup;
			children = (
				D23E694714487E4100FE0376 /* youeat */,
				D23E696814487E4200FE0376 /* youeatTests */,
				D23E694014487E4100FE0376 /* Frameworks */,
				D23E693E14487E4100FE0376 /* Products */,
			);
			sourceTree = "<group>";
		};
		D23E693E14487E4100FE0376 /* Products */ = {
			isa = PBXGroup;
			children = (
				D23E693D14487E4100FE0376 /* youeat.app */,
				D23E696114487E4100FE0376 /* youeatTests.octest */,
			);
			name = Products;
			sourceTree = "<group>";
		};
		D23E694014487E4100FE0376 /* Frameworks */ = {
			isa = PBXGroup;
			children = (
				D23E694114487E4100FE0376 /* UIKit.framework */,
				D23E694314487E4100FE0376 /* Foundation.framework */,
				D23E694514487E4100FE0376 /* CoreGraphics.framework */,
				D23E696214487E4100FE0376 /* SenTestingKit.framework */,
			);
			name = Frameworks;
			sourceTree = "<group>";
		};
		D23E694714487E4100FE0376 /* youeat */ = {
			isa = PBXGroup;
			children = (
				D23E695014487E4100FE0376 /* AVAppDelegate.h */,
				D23E695114487E4100FE0376 /* AVAppDelegate.m */,
				D23E695314487E4100FE0376 /* MainStoryboard_iPhone.storyboard */,
				D23E695614487E4100FE0376 /* MainStoryboard_iPad.storyboard */,
				D23E695914487E4100FE0376 /* AVViewController.h */,
				D23E695A14487E4100FE0376 /* AVViewController.m */,
				D23E694814487E4100FE0376 /* Supporting Files */,
			);
			path = youeat;
			sourceTree = "<group>";
		};
		D23E694814487E4100FE0376 /* Supporting Files */ = {
			isa = PBXGroup;
			children = (
				D23E694914487E4100FE0376 /* youeat-Info.plist */,
				D23E694A14487E4100FE0376 /* InfoPlist.strings */,
				D23E694D14487E4100FE0376 /* main.m */,
				D23E694F14487E4100FE0376 /* youeat-Prefix.pch */,
			);
			name = "Supporting Files";
			sourceTree = "<group>";
		};
		D23E696814487E4200FE0376 /* youeatTests */ = {
			isa = PBXGroup;
			children = (
				D23E696E14487E4200FE0376 /* youeatTests.h */,
				D23E696F14487E4200FE0376 /* youeatTests.m */,
				D23E696914487E4200FE0376 /* Supporting Files */,
			);
			path = youeatTests;
			sourceTree = "<group>";
		};
		D23E696914487E4200FE0376 /* Supporting Files */ = {
			isa = PBXGroup;
			children = (
				D23E696A14487E4200FE0376 /* youeatTests-Info.plist */,
				D23E696B14487E4200FE0376 /* InfoPlist.strings */,
			);
			name = "Supporting Files";
			sourceTree = "<group>";
		};
/* End PBXGroup section */

/* Begin PBXNativeTarget section */
		D23E693C14487E4100FE0376 /* youeat */ = {
			isa = PBXNativeTarget;
			buildConfigurationList = D23E697314487E4200FE0376 /* Build configuration list for PBXNativeTarget "youeat" */;
			buildPhases = (
				D23E693914487E4100FE0376 /* Sources */,
				D23E693A14487E4100FE0376 /* Frameworks */,
				D23E693B14487E4100FE0376 /* Resources */,
			);
			buildRules = (
			);
			dependencies = (
			);
			name = youeat;
			productName = youeat;
			productReference = D23E693D14487E4100FE0376 /* youeat.app */;
			productType = "com.apple.product-type.application";
		};
		D23E696014487E4100FE0376 /* youeatTests */ = {
			isa = PBXNativeTarget;
			buildConfigurationList = D23E697614487E4200FE0376 /* Build configuration list for PBXNativeTarget "youeatTests" */;
			buildPhases = (
				D23E695C14487E4100FE0376 /* Sources */,
				D23E695D14487E4100FE0376 /* Frameworks */,
				D23E695E14487E4100FE0376 /* Resources */,
				D23E695F14487E4100FE0376 /* ShellScript */,
			);
			buildRules = (
			);
			dependencies = (
				D23E696714487E4200FE0376 /* PBXTargetDependency */,
			);
			name = youeatTests;
			productName = youeatTests;
			productReference = D23E696114487E4100FE0376 /* youeatTests.octest */;
			productType = "com.apple.product-type.bundle";
		};
/* End PBXNativeTarget section */

/* Begin PBXProject section */
		D23E693414487E4100FE0376 /* Project object */ = {
			isa = PBXProject;
			attributes = {
				LastUpgradeCheck = 0420;
				ORGANIZATIONNAME = Wedjaa;
			};
			buildConfigurationList = D23E693714487E4100FE0376 /* Build configuration list for PBXProject "youeat" */;
			compatibilityVersion = "Xcode 3.2";
			developmentRegion = English;
			hasScannedForEncodings = 0;
			knownRegions = (
				en,
			);
			mainGroup = D23E693214487E4100FE0376;
			productRefGroup = D23E693E14487E4100FE0376 /* Products */;
			projectDirPath = "";
			projectRoot = "";
			targets = (
				D23E693C14487E4100FE0376 /* youeat */,
				D23E696014487E4100FE0376 /* youeatTests */,
			);
		};
/* End PBXProject section */

/* Begin PBXResourcesBuildPhase section */
		D23E693B14487E4100FE0376 /* Resources */ = {
			isa = PBXResourcesBuildPhase;
			buildActionMask = 2147483647;
			files = (
				D23E694C14487E4100FE0376 /* InfoPlist.strings in Resources */,
				D23E695514487E4100FE0376 /* MainStoryboard_iPhone.storyboard in Resources */,
				D23E695814487E4100FE0376 /* MainStoryboard_iPad.storyboard in Resources */,
			);
			runOnlyForDeploymentPostprocessing = 0;
		};
		D23E695E14487E4100FE0376 /* Resources */ = {
			isa = PBXResourcesBuildPhase;
			buildActionMask = 2147483647;
			files = (
				D23E696D14487E4200FE0376 /* InfoPlist.strings in Resources */,
			);
			runOnlyForDeploymentPostprocessing = 0;
		};
/* End PBXResourcesBuildPhase section */

/* Begin PBXShellScriptBuildPhase section */
		D23E695F14487E4100FE0376 /* ShellScript */ = {
			isa = PBXShellScriptBuildPhase;
			buildActionMask = 2147483647;
			files = (
			);
			inputPaths = (
			);
			outputPaths = (
			);
			runOnlyForDeploymentPostprocessing = 0;
			shellPath = /bin/sh;
			shellScript = "# Run the unit tests in this test bundle.\n\"${SYSTEM_DEVELOPER_DIR}/Tools/RunUnitTests\"\n";
		};
/* End PBXShellScriptBuildPhase section */

/* Begin PBXSourcesBuildPhase section */
		D23E693914487E4100FE0376 /* Sources */ = {
			isa = PBXSourcesBuildPhase;
			buildActionMask = 2147483647;
			files = (
				D23E694E14487E4100FE0376 /* main.m in Sources */,
				D23E695214487E4100FE0376 /* AVAppDelegate.m in Sources */,
				D23E695B14487E4100FE0376 /* AVViewController.m in Sources */,
			);
			runOnlyForDeploymentPostprocessing = 0;
		};
		D23E695C14487E4100FE0376 /* Sources */ = {
			isa = PBXSourcesBuildPhase;
			buildActionMask = 2147483647;
			files = (
				D23E697014487E4200FE0376 /* youeatTests.m in Sources */,
			);
			runOnlyForDeploymentPostprocessing = 0;
		};
/* End PBXSourcesBuildPhase section */

/* Begin PBXTargetDependency section */
		D23E696714487E4200FE0376 /* PBXTargetDependency */ = {
			isa = PBXTargetDependency;
			target = D23E693C14487E4100FE0376 /* youeat */;
			targetProxy = D23E696614487E4200FE0376 /* PBXContainerItemProxy */;
		};
/* End PBXTargetDependency section */

/* Begin PBXVariantGroup section */
		D23E694A14487E4100FE0376 /* InfoPlist.strings */ = {
			isa = PBXVariantGroup;
			children = (
				D23E694B14487E4100FE0376 /* en */,
			);
			name = InfoPlist.strings;
			sourceTree = "<group>";
		};
		D23E695314487E4100FE0376 /* MainStoryboard_iPhone.storyboard */ = {
			isa = PBXVariantGroup;
			children = (
				D23E695414487E4100FE0376 /* en */,
			);
			name = MainStoryboard_iPhone.storyboard;
			sourceTree = "<group>";
		};
		D23E695614487E4100FE0376 /* MainStoryboard_iPad.storyboard */ = {
			isa = PBXVariantGroup;
			children = (
				D23E695714487E4100FE0376 /* en */,
			);
			name = MainStoryboard_iPad.storyboard;
			sourceTree = "<group>";
		};
		D23E696B14487E4200FE0376 /* InfoPlist.strings */ = {
			isa = PBXVariantGroup;
			children = (
				D23E696C14487E4200FE0376 /* en */,
			);
			name = InfoPlist.strings;
			sourceTree = "<group>";
		};
/* End PBXVariantGroup section */

/* Begin XCBuildConfiguration section */
		D23E697114487E4200FE0376 /* Debug */ = {
			isa = XCBuildConfiguration;
			buildSettings = {
				ALWAYS_SEARCH_USER_PATHS = NO;
				ARCHS = "$(ARCHS_STANDARD_32_BIT)";
				CLANG_ENABLE_OBJC_ARC = YES;
				"CODE_SIGN_IDENTITY[sdk=iphoneos*]" = "iPhone Developer";
				COPY_PHASE_STRIP = NO;
				GCC_C_LANGUAGE_STANDARD = gnu99;
				GCC_DYNAMIC_NO_PIC = NO;
				GCC_OPTIMIZATION_LEVEL = 0;
				GCC_PREPROCESSOR_DEFINITIONS = (
					"DEBUG=1",
					"$(inherited)",
				);
				GCC_SYMBOLS_PRIVATE_EXTERN = NO;
				GCC_VERSION = com.apple.compilers.llvm.clang.1_0;
				GCC_WARN_ABOUT_MISSING_PROTOTYPES = YES;
				GCC_WARN_ABOUT_RETURN_TYPE = YES;
				GCC_WARN_UNUSED_VARIABLE = YES;
				IPHONEOS_DEPLOYMENT_TARGET = 5.0;
				SDKROOT = iphoneos;
				TARGETED_DEVICE_FAMILY = "1,2";
			};
			name = Debug;
		};
		D23E697214487E4200FE0376 /* Release */ = {
			isa = XCBuildConfiguration;
			buildSettings = {
				ALWAYS_SEARCH_USER_PATHS = NO;
				ARCHS = "$(ARCHS_STANDARD_32_BIT)";
				CLANG_ENABLE_OBJC_ARC = YES;
				"CODE_SIGN_IDENTITY[sdk=iphoneos*]" = "iPhone Developer";
				COPY_PHASE_STRIP = YES;
				GCC_C_LANGUAGE_STANDARD = gnu99;
				GCC_VERSION = com.apple.compilers.llvm.clang.1_0;
				GCC_WARN_ABOUT_MISSING_PROTOTYPES = YES;
				GCC_WARN_ABOUT_RETURN_TYPE = YES;
				GCC_WARN_UNUSED_VARIABLE = YES;
				IPHONEOS_DEPLOYMENT_TARGET = 5.0;
				OTHER_CFLAGS = "-DNS_BLOCK_ASSERTIONS=1";
				SDKROOT = iphoneos;
				TARGETED_DEVICE_FAMILY = "1,2";
				VALIDATE_PRODUCT = YES;
			};
			name = Release;
		};
		D23E697414487E4200FE0376 /* Debug */ = {
			isa = XCBuildConfiguration;
			buildSettings = {
				GCC_PRECOMPILE_PREFIX_HEADER = YES;
				GCC_PREFIX_HEADER = "youeat/youeat-Prefix.pch";
				INFOPLIST_FILE = "youeat/youeat-Info.plist";
				PRODUCT_NAME = "$(TARGET_NAME)";
				WRAPPER_EXTENSION = app;
			};
			name = Debug;
		};
		D23E697514487E4200FE0376 /* Release */ = {
			isa = XCBuildConfiguration;
			buildSettings = {
				GCC_PRECOMPILE_PREFIX_HEADER = YES;
				GCC_PREFIX_HEADER = "youeat/youeat-Prefix.pch";
				INFOPLIST_FILE = "youeat/youeat-Info.plist";
				PRODUCT_NAME = "$(TARGET_NAME)";
				WRAPPER_EXTENSION = app;
			};
			name = Release;
		};
		D23E697714487E4200FE0376 /* Debug */ = {
			isa = XCBuildConfiguration;
			buildSettings = {
				BUNDLE_LOADER = "$(BUILT_PRODUCTS_DIR)/youeat.app/youeat";
				FRAMEWORK_SEARCH_PATHS = (
					"$(SDKROOT)/Developer/Library/Frameworks",
					"$(DEVELOPER_LIBRARY_DIR)/Frameworks",
				);
				GCC_PRECOMPILE_PREFIX_HEADER = YES;
				GCC_PREFIX_HEADER = "youeat/youeat-Prefix.pch";
				INFOPLIST_FILE = "youeatTests/youeatTests-Info.plist";
				PRODUCT_NAME = "$(TARGET_NAME)";
				TEST_HOST = "$(BUNDLE_LOADER)";
				WRAPPER_EXTENSION = octest;
			};
			name = Debug;
		};
		D23E697814487E4200FE0376 /* Release */ = {
			isa = XCBuildConfiguration;
			buildSettings = {
				BUNDLE_LOADER = "$(BUILT_PRODUCTS_DIR)/youeat.app/youeat";
				FRAMEWORK_SEARCH_PATHS = (
					"$(SDKROOT)/Developer/Library/Frameworks",
					"$(DEVELOPER_LIBRARY_DIR)/Frameworks",
				);
				GCC_PRECOMPILE_PREFIX_HEADER = YES;
				GCC_PREFIX_HEADER = "youeat/youeat-Prefix.pch";
				INFOPLIST_FILE = "youeatTests/youeatTests-Info.plist";
				PRODUCT_NAME = "$(TARGET_NAME)";
				TEST_HOST = "$(BUNDLE_LOADER)";
				WRAPPER_EXTENSION = octest;
			};
			name = Release;
		};
/* End XCBuildConfiguration section */

/* Begin XCConfigurationList section */
		D23E693714487E4100FE0376 /* Build configuration list for PBXProject "youeat" */ = {
			isa = XCConfigurationList;
			buildConfigurations = (
				D23E697114487E4200FE0376 /* Debug */,
				D23E697214487E4200FE0376 /* Release */,
			);
			defaultConfigurationIsVisible = 0;
			defaultConfigurationName = Release;
		};
		D23E697314487E4200FE0376 /* Build configuration list for PBXNativeTarget "youeat" */ = {
			isa = XCConfigurationList;
			buildConfigurations = (
				D23E697414487E4200FE0376 /* Debug */,
				D23E697514487E4200FE0376 /* Release */,
			);
			defaultConfigurationIsVisible = 0;
		};
		D23E697614487E4200FE0376 /* Build configuration list for PBXNativeTarget "youeatTests" */ = {
			isa = XCConfigurationList;
			buildConfigurations = (
				D23E697714487E4200FE0376 /* Debug */,
				D23E697814487E4200FE0376 /* Release */,
			);
			defaultConfigurationIsVisible = 0;
		};
/* End XCConfigurationList section */
	};
	rootObject = D23E693414487E4100FE0376 /* Project object */;
}
