// !$*UTF8*$!
{
	archiveVersion = 1;
	classes = {
	};
	objectVersion = 45;
	objects = {

/* Begin PBXBuildFile section */
		1D3623260D0F684500981E51 /* YouEatAppDelegate.m in Sources */ = {isa = PBXBuildFile; fileRef = 1D3623250D0F684500981E51 /* YouEatAppDelegate.m */; };
		1D60589B0D05DD56006BFB54 /* main.m in Sources */ = {isa = PBXBuildFile; fileRef = 29B97316FDCFA39411CA2CEA /* main.m */; };
		1D60589F0D05DD5A006BFB54 /* Foundation.framework in Frameworks */ = {isa = PBXBuildFile; fileRef = 1D30AB110D05D00D00671497 /* Foundation.framework */; };
		1DF5F4E00D08C38300B7A737 /* UIKit.framework in Frameworks */ = {isa = PBXBuildFile; fileRef = 1DF5F4DF0D08C38300B7A737 /* UIKit.framework */; };
		28216C970DB411BC00E5133A /* FirstViewController.m in Sources */ = {isa = PBXBuildFile; fileRef = 28216C960DB411BC00E5133A /* FirstViewController.m */; };
		282CCBFE0DB6C98000C4EA27 /* SecondView.xib in Resources */ = {isa = PBXBuildFile; fileRef = 282CCBFD0DB6C98000C4EA27 /* SecondView.xib */; };
		288765080DF74369002DB57D /* CoreGraphics.framework in Frameworks */ = {isa = PBXBuildFile; fileRef = 288765070DF74369002DB57D /* CoreGraphics.framework */; };
		28AD73880D9D96C1002E5188 /* MainWindow.xib in Resources */ = {isa = PBXBuildFile; fileRef = 28AD73870D9D96C1002E5188 /* MainWindow.xib */; };
		D20EDBA7119D677000A69C0D /* CloseRistoViewController.m in Sources */ = {isa = PBXBuildFile; fileRef = D20EDBA4119D677000A69C0D /* CloseRistoViewController.m */; };
		D20EDBA8119D677000A69C0D /* RistoViewController.m in Sources */ = {isa = PBXBuildFile; fileRef = D20EDBA6119D677000A69C0D /* RistoViewController.m */; };
		D20EDBB0119D67A500A69C0D /* Annotation.m in Sources */ = {isa = PBXBuildFile; fileRef = D20EDBAA119D67A500A69C0D /* Annotation.m */; };
		D20EDBB1119D67A500A69C0D /* Entitlements.plist in Resources */ = {isa = PBXBuildFile; fileRef = D20EDBAB119D67A500A69C0D /* Entitlements.plist */; };
		D20EDBB2119D67A500A69C0D /* Icon.png in Resources */ = {isa = PBXBuildFile; fileRef = D20EDBAC119D67A500A69C0D /* Icon.png */; };
		D20EDBB3119D67A500A69C0D /* magnifying-glass.png in Resources */ = {isa = PBXBuildFile; fileRef = D20EDBAD119D67A500A69C0D /* magnifying-glass.png */; };
		D20EDBB4119D67A500A69C0D /* map-marker.png in Resources */ = {isa = PBXBuildFile; fileRef = D20EDBAE119D67A500A69C0D /* map-marker.png */; };
		D20EDBB5119D67A500A69C0D /* RistoView.xib in Resources */ = {isa = PBXBuildFile; fileRef = D20EDBAF119D67A500A69C0D /* RistoView.xib */; };
		D20EDBC1119D67C700A69C0D /* CoreLocation.framework in Frameworks */ = {isa = PBXBuildFile; fileRef = D20EDBC0119D67C700A69C0D /* CoreLocation.framework */; };
		D27D1CA2119D665D004D19DA /* MapKit.framework in Frameworks */ = {isa = PBXBuildFile; fileRef = D27D1CA1119D665D004D19DA /* MapKit.framework */; };
		D2838238118DB14B00B2DC25 /* NSObject+SBJSON.m in Sources */ = {isa = PBXBuildFile; fileRef = D283822D118DB14B00B2DC25 /* NSObject+SBJSON.m */; };
		D2838239118DB14B00B2DC25 /* NSString+SBJSON.m in Sources */ = {isa = PBXBuildFile; fileRef = D283822F118DB14B00B2DC25 /* NSString+SBJSON.m */; };
		D283823A118DB14B00B2DC25 /* SBJSON.m in Sources */ = {isa = PBXBuildFile; fileRef = D2838231118DB14B00B2DC25 /* SBJSON.m */; };
		D283823B118DB14B00B2DC25 /* SBJsonBase.m in Sources */ = {isa = PBXBuildFile; fileRef = D2838233118DB14B00B2DC25 /* SBJsonBase.m */; };
		D283823C118DB14B00B2DC25 /* SBJsonParser.m in Sources */ = {isa = PBXBuildFile; fileRef = D2838235118DB14B00B2DC25 /* SBJsonParser.m */; };
		D283823D118DB14B00B2DC25 /* SBJsonWriter.m in Sources */ = {isa = PBXBuildFile; fileRef = D2838237118DB14B00B2DC25 /* SBJsonWriter.m */; };
		D283831D118DBDD200B2DC25 /* YouEat.plist in Resources */ = {isa = PBXBuildFile; fileRef = D283831C118DBDD200B2DC25 /* YouEat.plist */; };
		D28383A1118DC68D00B2DC25 /* RestUtil.m in Sources */ = {isa = PBXBuildFile; fileRef = D28383A0118DC68D00B2DC25 /* RestUtil.m */; };
/* End PBXBuildFile section */

/* Begin PBXFileReference section */
		1D30AB110D05D00D00671497 /* Foundation.framework */ = {isa = PBXFileReference; lastKnownFileType = wrapper.framework; name = Foundation.framework; path = System/Library/Frameworks/Foundation.framework; sourceTree = SDKROOT; };
		1D3623240D0F684500981E51 /* YouEatAppDelegate.h */ = {isa = PBXFileReference; fileEncoding = 4; lastKnownFileType = sourcecode.c.h; path = YouEatAppDelegate.h; sourceTree = "<group>"; };
		1D3623250D0F684500981E51 /* YouEatAppDelegate.m */ = {isa = PBXFileReference; fileEncoding = 4; lastKnownFileType = sourcecode.c.objc; path = YouEatAppDelegate.m; sourceTree = "<group>"; };
		1D6058910D05DD3D006BFB54 /* YouEat.app */ = {isa = PBXFileReference; explicitFileType = wrapper.application; includeInIndex = 0; path = YouEat.app; sourceTree = BUILT_PRODUCTS_DIR; };
		1DF5F4DF0D08C38300B7A737 /* UIKit.framework */ = {isa = PBXFileReference; lastKnownFileType = wrapper.framework; name = UIKit.framework; path = System/Library/Frameworks/UIKit.framework; sourceTree = SDKROOT; };
		28216C950DB411BC00E5133A /* FirstViewController.h */ = {isa = PBXFileReference; fileEncoding = 4; lastKnownFileType = sourcecode.c.h; path = FirstViewController.h; sourceTree = "<group>"; };
		28216C960DB411BC00E5133A /* FirstViewController.m */ = {isa = PBXFileReference; fileEncoding = 4; lastKnownFileType = sourcecode.c.objc; path = FirstViewController.m; sourceTree = "<group>"; };
		282CCBFD0DB6C98000C4EA27 /* SecondView.xib */ = {isa = PBXFileReference; lastKnownFileType = file.xib; path = SecondView.xib; sourceTree = "<group>"; };
		288765070DF74369002DB57D /* CoreGraphics.framework */ = {isa = PBXFileReference; lastKnownFileType = wrapper.framework; name = CoreGraphics.framework; path = System/Library/Frameworks/CoreGraphics.framework; sourceTree = SDKROOT; };
		28A0AB4B0D9B1048005BE974 /* YouEat_Prefix.pch */ = {isa = PBXFileReference; fileEncoding = 4; lastKnownFileType = sourcecode.c.h; path = YouEat_Prefix.pch; sourceTree = "<group>"; };
		28AD73870D9D96C1002E5188 /* MainWindow.xib */ = {isa = PBXFileReference; lastKnownFileType = file.xib; path = MainWindow.xib; sourceTree = "<group>"; };
		29B97316FDCFA39411CA2CEA /* main.m */ = {isa = PBXFileReference; fileEncoding = 4; lastKnownFileType = sourcecode.c.objc; path = main.m; sourceTree = "<group>"; };
		8D1107310486CEB800E47090 /* YouEat-Info.plist */ = {isa = PBXFileReference; fileEncoding = 4; lastKnownFileType = text.plist.xml; path = "YouEat-Info.plist"; plistStructureDefinitionIdentifier = "com.apple.xcode.plist.structure-definition.iphone.info-plist"; sourceTree = "<group>"; };
		D20EDBA3119D677000A69C0D /* CloseRistoViewController.h */ = {isa = PBXFileReference; fileEncoding = 4; lastKnownFileType = sourcecode.c.h; path = CloseRistoViewController.h; sourceTree = "<group>"; };
		D20EDBA4119D677000A69C0D /* CloseRistoViewController.m */ = {isa = PBXFileReference; fileEncoding = 4; lastKnownFileType = sourcecode.c.objc; path = CloseRistoViewController.m; sourceTree = "<group>"; };
		D20EDBA5119D677000A69C0D /* RistoViewController.h */ = {isa = PBXFileReference; fileEncoding = 4; lastKnownFileType = sourcecode.c.h; path = RistoViewController.h; sourceTree = "<group>"; };
		D20EDBA6119D677000A69C0D /* RistoViewController.m */ = {isa = PBXFileReference; fileEncoding = 4; lastKnownFileType = sourcecode.c.objc; path = RistoViewController.m; sourceTree = "<group>"; };
		D20EDBA9119D67A500A69C0D /* Annotation.h */ = {isa = PBXFileReference; fileEncoding = 4; lastKnownFileType = sourcecode.c.h; path = Annotation.h; sourceTree = "<group>"; };
		D20EDBAA119D67A500A69C0D /* Annotation.m */ = {isa = PBXFileReference; fileEncoding = 4; lastKnownFileType = sourcecode.c.objc; path = Annotation.m; sourceTree = "<group>"; };
		D20EDBAB119D67A500A69C0D /* Entitlements.plist */ = {isa = PBXFileReference; fileEncoding = 4; lastKnownFileType = text.plist.xml; path = Entitlements.plist; sourceTree = "<group>"; };
		D20EDBAC119D67A500A69C0D /* Icon.png */ = {isa = PBXFileReference; lastKnownFileType = image.png; path = Icon.png; sourceTree = "<group>"; };
		D20EDBAD119D67A500A69C0D /* magnifying-glass.png */ = {isa = PBXFileReference; lastKnownFileType = image.png; path = "magnifying-glass.png"; sourceTree = "<group>"; };
		D20EDBAE119D67A500A69C0D /* map-marker.png */ = {isa = PBXFileReference; lastKnownFileType = image.png; path = "map-marker.png"; sourceTree = "<group>"; };
		D20EDBAF119D67A500A69C0D /* RistoView.xib */ = {isa = PBXFileReference; lastKnownFileType = file.xib; path = RistoView.xib; sourceTree = "<group>"; };
		D20EDBC0119D67C700A69C0D /* CoreLocation.framework */ = {isa = PBXFileReference; lastKnownFileType = wrapper.framework; name = CoreLocation.framework; path = System/Library/Frameworks/CoreLocation.framework; sourceTree = SDKROOT; };
		D27D1CA1119D665D004D19DA /* MapKit.framework */ = {isa = PBXFileReference; lastKnownFileType = wrapper.framework; name = MapKit.framework; path = System/Library/Frameworks/MapKit.framework; sourceTree = SDKROOT; };
		D283822B118DB14B00B2DC25 /* JSON.h */ = {isa = PBXFileReference; fileEncoding = 4; lastKnownFileType = sourcecode.c.h; path = JSON.h; sourceTree = "<group>"; };
		D283822C118DB14B00B2DC25 /* NSObject+SBJSON.h */ = {isa = PBXFileReference; fileEncoding = 4; lastKnownFileType = sourcecode.c.h; path = "NSObject+SBJSON.h"; sourceTree = "<group>"; };
		D283822D118DB14B00B2DC25 /* NSObject+SBJSON.m */ = {isa = PBXFileReference; fileEncoding = 4; lastKnownFileType = sourcecode.c.objc; path = "NSObject+SBJSON.m"; sourceTree = "<group>"; };
		D283822E118DB14B00B2DC25 /* NSString+SBJSON.h */ = {isa = PBXFileReference; fileEncoding = 4; lastKnownFileType = sourcecode.c.h; path = "NSString+SBJSON.h"; sourceTree = "<group>"; };
		D283822F118DB14B00B2DC25 /* NSString+SBJSON.m */ = {isa = PBXFileReference; fileEncoding = 4; lastKnownFileType = sourcecode.c.objc; path = "NSString+SBJSON.m"; sourceTree = "<group>"; };
		D2838230118DB14B00B2DC25 /* SBJSON.h */ = {isa = PBXFileReference; fileEncoding = 4; lastKnownFileType = sourcecode.c.h; path = SBJSON.h; sourceTree = "<group>"; };
		D2838231118DB14B00B2DC25 /* SBJSON.m */ = {isa = PBXFileReference; fileEncoding = 4; lastKnownFileType = sourcecode.c.objc; path = SBJSON.m; sourceTree = "<group>"; };
		D2838232118DB14B00B2DC25 /* SBJsonBase.h */ = {isa = PBXFileReference; fileEncoding = 4; lastKnownFileType = sourcecode.c.h; path = SBJsonBase.h; sourceTree = "<group>"; };
		D2838233118DB14B00B2DC25 /* SBJsonBase.m */ = {isa = PBXFileReference; fileEncoding = 4; lastKnownFileType = sourcecode.c.objc; path = SBJsonBase.m; sourceTree = "<group>"; };
		D2838234118DB14B00B2DC25 /* SBJsonParser.h */ = {isa = PBXFileReference; fileEncoding = 4; lastKnownFileType = sourcecode.c.h; path = SBJsonParser.h; sourceTree = "<group>"; };
		D2838235118DB14B00B2DC25 /* SBJsonParser.m */ = {isa = PBXFileReference; fileEncoding = 4; lastKnownFileType = sourcecode.c.objc; path = SBJsonParser.m; sourceTree = "<group>"; };
		D2838236118DB14B00B2DC25 /* SBJsonWriter.h */ = {isa = PBXFileReference; fileEncoding = 4; lastKnownFileType = sourcecode.c.h; path = SBJsonWriter.h; sourceTree = "<group>"; };
		D2838237118DB14B00B2DC25 /* SBJsonWriter.m */ = {isa = PBXFileReference; fileEncoding = 4; lastKnownFileType = sourcecode.c.objc; path = SBJsonWriter.m; sourceTree = "<group>"; };
		D283831C118DBDD200B2DC25 /* YouEat.plist */ = {isa = PBXFileReference; fileEncoding = 4; lastKnownFileType = text.plist.xml; path = YouEat.plist; sourceTree = "<group>"; };
		D283839F118DC68D00B2DC25 /* RestUtil.h */ = {isa = PBXFileReference; fileEncoding = 4; lastKnownFileType = sourcecode.c.h; path = RestUtil.h; sourceTree = "<group>"; };
		D28383A0118DC68D00B2DC25 /* RestUtil.m */ = {isa = PBXFileReference; fileEncoding = 4; lastKnownFileType = sourcecode.c.objc; path = RestUtil.m; sourceTree = "<group>"; };
/* End PBXFileReference section */

/* Begin PBXFrameworksBuildPhase section */
		1D60588F0D05DD3D006BFB54 /* Frameworks */ = {
			isa = PBXFrameworksBuildPhase;
			buildActionMask = 2147483647;
			files = (
				1D60589F0D05DD5A006BFB54 /* Foundation.framework in Frameworks */,
				1DF5F4E00D08C38300B7A737 /* UIKit.framework in Frameworks */,
				288765080DF74369002DB57D /* CoreGraphics.framework in Frameworks */,
				D27D1CA2119D665D004D19DA /* MapKit.framework in Frameworks */,
				D20EDBC1119D67C700A69C0D /* CoreLocation.framework in Frameworks */,
			);
			runOnlyForDeploymentPostprocessing = 0;
		};
/* End PBXFrameworksBuildPhase section */

/* Begin PBXGroup section */
		080E96DDFE201D6D7F000001 /* Classes */ = {
			isa = PBXGroup;
			children = (
				D20EDBA3119D677000A69C0D /* CloseRistoViewController.h */,
				D20EDBA4119D677000A69C0D /* CloseRistoViewController.m */,
				D20EDBA5119D677000A69C0D /* RistoViewController.h */,
				D20EDBA6119D677000A69C0D /* RistoViewController.m */,
				D283822A118DB14B00B2DC25 /* JSON */,
				28216C950DB411BC00E5133A /* FirstViewController.h */,
				28216C960DB411BC00E5133A /* FirstViewController.m */,
				1D3623240D0F684500981E51 /* YouEatAppDelegate.h */,
				1D3623250D0F684500981E51 /* YouEatAppDelegate.m */,
				D283839F118DC68D00B2DC25 /* RestUtil.h */,
				D28383A0118DC68D00B2DC25 /* RestUtil.m */,
			);
			path = Classes;
			sourceTree = "<group>";
		};
		19C28FACFE9D520D11CA2CBB /* Products */ = {
			isa = PBXGroup;
			children = (
				1D6058910D05DD3D006BFB54 /* YouEat.app */,
			);
			name = Products;
			sourceTree = "<group>";
		};
		29B97314FDCFA39411CA2CEA /* YouEat */ = {
			isa = PBXGroup;
			children = (
				D20EDBAB119D67A500A69C0D /* Entitlements.plist */,
				080E96DDFE201D6D7F000001 /* Classes */,
				29B97315FDCFA39411CA2CEA /* Other Sources */,
				29B97317FDCFA39411CA2CEA /* Resources */,
				29B97323FDCFA39411CA2CEA /* Frameworks */,
				19C28FACFE9D520D11CA2CBB /* Products */,
				D20EDBC0119D67C700A69C0D /* CoreLocation.framework */,
			);
			name = YouEat;
			sourceTree = "<group>";
		};
		29B97315FDCFA39411CA2CEA /* Other Sources */ = {
			isa = PBXGroup;
			children = (
				D20EDBAA119D67A500A69C0D /* Annotation.m */,
				D20EDBA9119D67A500A69C0D /* Annotation.h */,
				28A0AB4B0D9B1048005BE974 /* YouEat_Prefix.pch */,
				29B97316FDCFA39411CA2CEA /* main.m */,
			);
			name = "Other Sources";
			sourceTree = "<group>";
		};
		29B97317FDCFA39411CA2CEA /* Resources */ = {
			isa = PBXGroup;
			children = (
				D20EDBAF119D67A500A69C0D /* RistoView.xib */,
				D20EDBAD119D67A500A69C0D /* magnifying-glass.png */,
				D20EDBAC119D67A500A69C0D /* Icon.png */,
				D20EDBAE119D67A500A69C0D /* map-marker.png */,
				D283831C118DBDD200B2DC25 /* YouEat.plist */,
				282CCBFD0DB6C98000C4EA27 /* SecondView.xib */,
				28AD73870D9D96C1002E5188 /* MainWindow.xib */,
				8D1107310486CEB800E47090 /* YouEat-Info.plist */,
			);
			name = Resources;
			sourceTree = "<group>";
		};
		29B97323FDCFA39411CA2CEA /* Frameworks */ = {
			isa = PBXGroup;
			children = (
				1DF5F4DF0D08C38300B7A737 /* UIKit.framework */,
				1D30AB110D05D00D00671497 /* Foundation.framework */,
				288765070DF74369002DB57D /* CoreGraphics.framework */,
				D27D1CA1119D665D004D19DA /* MapKit.framework */,
			);
			name = Frameworks;
			sourceTree = "<group>";
		};
		D283822A118DB14B00B2DC25 /* JSON */ = {
			isa = PBXGroup;
			children = (
				D283822B118DB14B00B2DC25 /* JSON.h */,
				D283822C118DB14B00B2DC25 /* NSObject+SBJSON.h */,
				D283822D118DB14B00B2DC25 /* NSObject+SBJSON.m */,
				D283822E118DB14B00B2DC25 /* NSString+SBJSON.h */,
				D283822F118DB14B00B2DC25 /* NSString+SBJSON.m */,
				D2838230118DB14B00B2DC25 /* SBJSON.h */,
				D2838231118DB14B00B2DC25 /* SBJSON.m */,
				D2838232118DB14B00B2DC25 /* SBJsonBase.h */,
				D2838233118DB14B00B2DC25 /* SBJsonBase.m */,
				D2838234118DB14B00B2DC25 /* SBJsonParser.h */,
				D2838235118DB14B00B2DC25 /* SBJsonParser.m */,
				D2838236118DB14B00B2DC25 /* SBJsonWriter.h */,
				D2838237118DB14B00B2DC25 /* SBJsonWriter.m */,
			);
			path = JSON;
			sourceTree = "<group>";
		};
/* End PBXGroup section */

/* Begin PBXNativeTarget section */
		1D6058900D05DD3D006BFB54 /* YouEat */ = {
			isa = PBXNativeTarget;
			buildConfigurationList = 1D6058960D05DD3E006BFB54 /* Build configuration list for PBXNativeTarget "YouEat" */;
			buildPhases = (
				1D60588D0D05DD3D006BFB54 /* Resources */,
				1D60588E0D05DD3D006BFB54 /* Sources */,
				1D60588F0D05DD3D006BFB54 /* Frameworks */,
			);
			buildRules = (
			);
			dependencies = (
			);
			name = YouEat;
			productName = YouEat;
			productReference = 1D6058910D05DD3D006BFB54 /* YouEat.app */;
			productType = "com.apple.product-type.application";
		};
/* End PBXNativeTarget section */

/* Begin PBXProject section */
		29B97313FDCFA39411CA2CEA /* Project object */ = {
			isa = PBXProject;
			buildConfigurationList = C01FCF4E08A954540054247B /* Build configuration list for PBXProject "YouEat" */;
			compatibilityVersion = "Xcode 3.1";
			hasScannedForEncodings = 1;
			mainGroup = 29B97314FDCFA39411CA2CEA /* YouEat */;
			projectDirPath = "";
			projectRoot = "";
			targets = (
				1D6058900D05DD3D006BFB54 /* YouEat */,
			);
		};
/* End PBXProject section */

/* Begin PBXResourcesBuildPhase section */
		1D60588D0D05DD3D006BFB54 /* Resources */ = {
			isa = PBXResourcesBuildPhase;
			buildActionMask = 2147483647;
			files = (
				28AD73880D9D96C1002E5188 /* MainWindow.xib in Resources */,
				282CCBFE0DB6C98000C4EA27 /* SecondView.xib in Resources */,
				D283831D118DBDD200B2DC25 /* YouEat.plist in Resources */,
				D20EDBB1119D67A500A69C0D /* Entitlements.plist in Resources */,
				D20EDBB2119D67A500A69C0D /* Icon.png in Resources */,
				D20EDBB3119D67A500A69C0D /* magnifying-glass.png in Resources */,
				D20EDBB4119D67A500A69C0D /* map-marker.png in Resources */,
				D20EDBB5119D67A500A69C0D /* RistoView.xib in Resources */,
			);
			runOnlyForDeploymentPostprocessing = 0;
		};
/* End PBXResourcesBuildPhase section */

/* Begin PBXSourcesBuildPhase section */
		1D60588E0D05DD3D006BFB54 /* Sources */ = {
			isa = PBXSourcesBuildPhase;
			buildActionMask = 2147483647;
			files = (
				1D60589B0D05DD56006BFB54 /* main.m in Sources */,
				1D3623260D0F684500981E51 /* YouEatAppDelegate.m in Sources */,
				28216C970DB411BC00E5133A /* FirstViewController.m in Sources */,
				D2838238118DB14B00B2DC25 /* NSObject+SBJSON.m in Sources */,
				D2838239118DB14B00B2DC25 /* NSString+SBJSON.m in Sources */,
				D283823A118DB14B00B2DC25 /* SBJSON.m in Sources */,
				D283823B118DB14B00B2DC25 /* SBJsonBase.m in Sources */,
				D283823C118DB14B00B2DC25 /* SBJsonParser.m in Sources */,
				D283823D118DB14B00B2DC25 /* SBJsonWriter.m in Sources */,
				D28383A1118DC68D00B2DC25 /* RestUtil.m in Sources */,
				D20EDBA7119D677000A69C0D /* CloseRistoViewController.m in Sources */,
				D20EDBA8119D677000A69C0D /* RistoViewController.m in Sources */,
				D20EDBB0119D67A500A69C0D /* Annotation.m in Sources */,
			);
			runOnlyForDeploymentPostprocessing = 0;
		};
/* End PBXSourcesBuildPhase section */

/* Begin XCBuildConfiguration section */
		1D6058940D05DD3E006BFB54 /* Debug */ = {
			isa = XCBuildConfiguration;
			buildSettings = {
				ALWAYS_SEARCH_USER_PATHS = NO;
				CODE_SIGN_IDENTITY = "iPhone Distribution: Alessandro Vincelli";
				"CODE_SIGN_IDENTITY[sdk=iphoneos*]" = "iPhone Distribution: Alessandro Vincelli";
				COPY_PHASE_STRIP = NO;
				GCC_DYNAMIC_NO_PIC = NO;
				GCC_OPTIMIZATION_LEVEL = 0;
				GCC_PRECOMPILE_PREFIX_HEADER = YES;
				GCC_PREFIX_HEADER = YouEat_Prefix.pch;
				INFOPLIST_FILE = "YouEat-Info.plist";
				PRODUCT_NAME = YouEat;
				PROVISIONING_PROFILE = "AC7B2787-B33E-45CE-B85F-AEF0B18B8CF8";
				"PROVISIONING_PROFILE[sdk=iphoneos*]" = "AC7B2787-B33E-45CE-B85F-AEF0B18B8CF8";
			};
			name = Debug;
		};
		1D6058950D05DD3E006BFB54 /* Release */ = {
			isa = XCBuildConfiguration;
			buildSettings = {
				ALWAYS_SEARCH_USER_PATHS = NO;
				COPY_PHASE_STRIP = YES;
				GCC_PRECOMPILE_PREFIX_HEADER = YES;
				GCC_PREFIX_HEADER = YouEat_Prefix.pch;
				INFOPLIST_FILE = "YouEat-Info.plist";
				PRODUCT_NAME = YouEat;
				VALIDATE_PRODUCT = YES;
			};
			name = Release;
		};
		C01FCF4F08A954540054247B /* Debug */ = {
			isa = XCBuildConfiguration;
			buildSettings = {
				ARCHS = "$(ARCHS_STANDARD_32_BIT)";
				"CODE_SIGN_IDENTITY[sdk=iphoneos*]" = "iPhone Developer";
				GCC_C_LANGUAGE_STANDARD = c99;
				GCC_WARN_ABOUT_RETURN_TYPE = YES;
				GCC_WARN_UNUSED_VARIABLE = YES;
				PREBINDING = NO;
				SDKROOT = iphoneos3.1.3;
			};
			name = Debug;
		};
		C01FCF5008A954540054247B /* Release */ = {
			isa = XCBuildConfiguration;
			buildSettings = {
				ARCHS = "$(ARCHS_STANDARD_32_BIT)";
				"CODE_SIGN_IDENTITY[sdk=iphoneos*]" = "iPhone Developer";
				GCC_C_LANGUAGE_STANDARD = c99;
				GCC_WARN_ABOUT_RETURN_TYPE = YES;
				GCC_WARN_UNUSED_VARIABLE = YES;
				OTHER_CFLAGS = "-DNS_BLOCK_ASSERTIONS=1";
				PREBINDING = NO;
				SDKROOT = iphoneos3.1.3;
			};
			name = Release;
		};
/* End XCBuildConfiguration section */

/* Begin XCConfigurationList section */
		1D6058960D05DD3E006BFB54 /* Build configuration list for PBXNativeTarget "YouEat" */ = {
			isa = XCConfigurationList;
			buildConfigurations = (
				1D6058940D05DD3E006BFB54 /* Debug */,
				1D6058950D05DD3E006BFB54 /* Release */,
			);
			defaultConfigurationIsVisible = 0;
			defaultConfigurationName = Release;
		};
		C01FCF4E08A954540054247B /* Build configuration list for PBXProject "YouEat" */ = {
			isa = XCConfigurationList;
			buildConfigurations = (
				C01FCF4F08A954540054247B /* Debug */,
				C01FCF5008A954540054247B /* Release */,
			);
			defaultConfigurationIsVisible = 0;
			defaultConfigurationName = Release;
		};
/* End XCConfigurationList section */
	};
	rootObject = 29B97313FDCFA39411CA2CEA /* Project object */;
}
