// !$*UTF8*$!
{
	archiveVersion = 1;
	classes = {
	};
	objectVersion = 46;
	objects = {

/* Begin PBXBuildFile section */
		D203D7F9144F2E0200526A90 /* Localizable.strings in Resources */ = {isa = PBXBuildFile; fileRef = D203D7F7144F2E0200526A90 /* Localizable.strings */; };
		D2371E171448841A0069EF4C /* UIKit.framework in Frameworks */ = {isa = PBXBuildFile; fileRef = D2371E161448841A0069EF4C /* UIKit.framework */; };
		D2371E191448841A0069EF4C /* Foundation.framework in Frameworks */ = {isa = PBXBuildFile; fileRef = D2371E181448841A0069EF4C /* Foundation.framework */; };
		D2371E1B1448841A0069EF4C /* CoreGraphics.framework in Frameworks */ = {isa = PBXBuildFile; fileRef = D2371E1A1448841A0069EF4C /* CoreGraphics.framework */; };
		D2371E211448841A0069EF4C /* InfoPlist.strings in Resources */ = {isa = PBXBuildFile; fileRef = D2371E1F1448841A0069EF4C /* InfoPlist.strings */; };
		D2371E231448841A0069EF4C /* main.m in Sources */ = {isa = PBXBuildFile; fileRef = D2371E221448841A0069EF4C /* main.m */; };
		D2371E271448841A0069EF4C /* AVAppDelegate.m in Sources */ = {isa = PBXBuildFile; fileRef = D2371E261448841A0069EF4C /* AVAppDelegate.m */; };
		D2371E2A1448841A0069EF4C /* MainStoryboard_iPhone.storyboard in Resources */ = {isa = PBXBuildFile; fileRef = D2371E281448841A0069EF4C /* MainStoryboard_iPhone.storyboard */; };
		D2371E2D1448841B0069EF4C /* MainStoryboard_iPad.storyboard in Resources */ = {isa = PBXBuildFile; fileRef = D2371E2B1448841A0069EF4C /* MainStoryboard_iPad.storyboard */; };
		D2371E301448841B0069EF4C /* AVViewController.m in Sources */ = {isa = PBXBuildFile; fileRef = D2371E2F1448841B0069EF4C /* AVViewController.m */; };
		D2371E381448841B0069EF4C /* SenTestingKit.framework in Frameworks */ = {isa = PBXBuildFile; fileRef = D2371E371448841B0069EF4C /* SenTestingKit.framework */; };
		D2371E391448841B0069EF4C /* UIKit.framework in Frameworks */ = {isa = PBXBuildFile; fileRef = D2371E161448841A0069EF4C /* UIKit.framework */; };
		D2371E3A1448841B0069EF4C /* Foundation.framework in Frameworks */ = {isa = PBXBuildFile; fileRef = D2371E181448841A0069EF4C /* Foundation.framework */; };
		D2371E421448841B0069EF4C /* InfoPlist.strings in Resources */ = {isa = PBXBuildFile; fileRef = D2371E401448841B0069EF4C /* InfoPlist.strings */; };
		D2371E451448841B0069EF4C /* YouEatTests.m in Sources */ = {isa = PBXBuildFile; fileRef = D2371E441448841B0069EF4C /* YouEatTests.m */; };
		D2371E641448859A0069EF4C /* bg-alert.png in Resources */ = {isa = PBXBuildFile; fileRef = D2371E541448859A0069EF4C /* bg-alert.png */; };
		D2371E651448859A0069EF4C /* bg-alert@x2.png in Resources */ = {isa = PBXBuildFile; fileRef = D2371E551448859A0069EF4C /* bg-alert@x2.png */; };
		D2371E661448859A0069EF4C /* bg.png in Resources */ = {isa = PBXBuildFile; fileRef = D2371E561448859A0069EF4C /* bg.png */; };
		D2371E671448859A0069EF4C /* bg@2x.png in Resources */ = {isa = PBXBuildFile; fileRef = D2371E571448859A0069EF4C /* bg@2x.png */; };
		D2371E691448859A0069EF4C /* Icon@2x.png in Resources */ = {isa = PBXBuildFile; fileRef = D2371E591448859A0069EF4C /* Icon@2x.png */; };
		D2371E6A1448859A0069EF4C /* info.png in Resources */ = {isa = PBXBuildFile; fileRef = D2371E5A1448859A0069EF4C /* info.png */; };
		D2371E6B1448859A0069EF4C /* info@2x.png in Resources */ = {isa = PBXBuildFile; fileRef = D2371E5B1448859A0069EF4C /* info@2x.png */; };
		D2371E6C1448859A0069EF4C /* logo-mela-160.png in Resources */ = {isa = PBXBuildFile; fileRef = D2371E5C1448859A0069EF4C /* logo-mela-160.png */; };
		D2371E6D1448859A0069EF4C /* logo-mela-160@2x.png in Resources */ = {isa = PBXBuildFile; fileRef = D2371E5D1448859A0069EF4C /* logo-mela-160@2x.png */; };
		D2371E6E1448859A0069EF4C /* logo-mela-trasp-160.png in Resources */ = {isa = PBXBuildFile; fileRef = D2371E5E1448859A0069EF4C /* logo-mela-trasp-160.png */; };
		D2371E6F1448859A0069EF4C /* logo-mela-trasp-160@2x.png in Resources */ = {isa = PBXBuildFile; fileRef = D2371E5F1448859A0069EF4C /* logo-mela-trasp-160@2x.png */; };
		D2371E701448859A0069EF4C /* star-gold-mini-off.png in Resources */ = {isa = PBXBuildFile; fileRef = D2371E601448859A0069EF4C /* star-gold-mini-off.png */; };
		D2371E711448859A0069EF4C /* star-gold-mini-off@2x.png in Resources */ = {isa = PBXBuildFile; fileRef = D2371E611448859A0069EF4C /* star-gold-mini-off@2x.png */; };
		D2371E721448859A0069EF4C /* star-gold-mini.png in Resources */ = {isa = PBXBuildFile; fileRef = D2371E621448859A0069EF4C /* star-gold-mini.png */; };
		D2371E731448859A0069EF4C /* star-gold-mini@2x.png in Resources */ = {isa = PBXBuildFile; fileRef = D2371E631448859A0069EF4C /* star-gold-mini@2x.png */; };
		D2371E7F144886020069EF4C /* about.html in Resources */ = {isa = PBXBuildFile; fileRef = D2371E74144886020069EF4C /* about.html */; };
		D2371E80144886020069EF4C /* AboutViewController.m in Sources */ = {isa = PBXBuildFile; fileRef = D2371E76144886020069EF4C /* AboutViewController.m */; };
		D2371E81144886020069EF4C /* DetailRestaurant.m in Sources */ = {isa = PBXBuildFile; fileRef = D2371E78144886020069EF4C /* DetailRestaurant.m */; };
		D2371E82144886020069EF4C /* JKCustomAlert.m in Sources */ = {isa = PBXBuildFile; fileRef = D2371E7A144886020069EF4C /* JKCustomAlert.m */; };
		D2371E83144886020069EF4C /* ListRestaurants.m in Sources */ = {isa = PBXBuildFile; fileRef = D2371E7C144886020069EF4C /* ListRestaurants.m */; };
		D2371E86144888F20069EF4C /* QuartzCore.framework in Frameworks */ = {isa = PBXBuildFile; fileRef = D2371E85144888F20069EF4C /* QuartzCore.framework */; };
		D2371E88144888F90069EF4C /* CoreLocation.framework in Frameworks */ = {isa = PBXBuildFile; fileRef = D2371E87144888F90069EF4C /* CoreLocation.framework */; };
		D265EF151460786900919E73 /* AVREsourcesUtil.m in Sources */ = {isa = PBXBuildFile; fileRef = D265EF141460786900919E73 /* AVREsourcesUtil.m */; };
		D26FA0E9144DE777004BA90C /* Default@2x.png in Resources */ = {isa = PBXBuildFile; fileRef = D26FA0E8144DE777004BA90C /* Default@2x.png */; };
		D26FFF87144DFB3A00873891 /* Icon.png in Resources */ = {isa = PBXBuildFile; fileRef = D26FFF86144DFB3A00873891 /* Icon.png */; };
		D2B720AB1448BFA8005C0DAF /* RestUtil.m in Sources */ = {isa = PBXBuildFile; fileRef = D2B720AA1448BFA8005C0DAF /* RestUtil.m */; };
		D2B720AD1448C442005C0DAF /* YouEat.plist in Resources */ = {isa = PBXBuildFile; fileRef = D2B720AC1448C442005C0DAF /* YouEat.plist */; };
		D2EBB29D144DFA6500CF93C0 /* Default.png in Resources */ = {isa = PBXBuildFile; fileRef = D2EBB29C144DFA6500CF93C0 /* Default.png */; };
/* End PBXBuildFile section */

/* Begin PBXContainerItemProxy section */
		D2371E3B1448841B0069EF4C /* PBXContainerItemProxy */ = {
			isa = PBXContainerItemProxy;
			containerPortal = D2371E091448841A0069EF4C /* Project object */;
			proxyType = 1;
			remoteGlobalIDString = D2371E111448841A0069EF4C;
			remoteInfo = YouEat;
		};
/* End PBXContainerItemProxy section */

/* Begin PBXFileReference section */
		D203D7EF144F2A9500526A90 /* it */ = {isa = PBXFileReference; lastKnownFileType = text.plist.strings; name = it; path = "/Users/alessandro/Documents/youeat-iphone/YouEat/YouEat/it.lproj/InfoPlist.strings"; sourceTree = "<absolute>"; };
		D203D7F0144F2A9500526A90 /* it */ = {isa = PBXFileReference; lastKnownFileType = file.storyboard; name = it; path = "/Users/alessandro/Documents/youeat-iphone/YouEat/YouEat/it.lproj/MainStoryboard_iPad.storyboard"; sourceTree = "<absolute>"; };
		D203D7F1144F2A9500526A90 /* it */ = {isa = PBXFileReference; lastKnownFileType = file.storyboard; name = it; path = "/Users/alessandro/Documents/youeat-iphone/YouEat/YouEat/it.lproj/MainStoryboard_iPhone.storyboard"; sourceTree = "<absolute>"; };
		D203D7F2144F2A9500526A90 /* it */ = {isa = PBXFileReference; lastKnownFileType = text.plist.strings; name = it; path = "/Users/alessandro/Documents/youeat-iphone/YouEat/YouEatTests/it.lproj/InfoPlist.strings"; sourceTree = "<absolute>"; };
		D203D7F8144F2E0200526A90 /* en */ = {isa = PBXFileReference; lastKnownFileType = text.plist.strings; name = en; path = en.lproj/Localizable.strings; sourceTree = "<group>"; };
		D203D7FA144F2E0F00526A90 /* it */ = {isa = PBXFileReference; lastKnownFileType = text.plist.strings; name = it; path = it.lproj/Localizable.strings; sourceTree = "<group>"; };
		D2371E121448841A0069EF4C /* youeat5.app */ = {isa = PBXFileReference; explicitFileType = wrapper.application; includeInIndex = 0; path = youeat5.app; sourceTree = BUILT_PRODUCTS_DIR; };
		D2371E161448841A0069EF4C /* UIKit.framework */ = {isa = PBXFileReference; lastKnownFileType = wrapper.framework; name = UIKit.framework; path = System/Library/Frameworks/UIKit.framework; sourceTree = SDKROOT; };
		D2371E181448841A0069EF4C /* Foundation.framework */ = {isa = PBXFileReference; lastKnownFileType = wrapper.framework; name = Foundation.framework; path = System/Library/Frameworks/Foundation.framework; sourceTree = SDKROOT; };
		D2371E1A1448841A0069EF4C /* CoreGraphics.framework */ = {isa = PBXFileReference; lastKnownFileType = wrapper.framework; name = CoreGraphics.framework; path = System/Library/Frameworks/CoreGraphics.framework; sourceTree = SDKROOT; };
		D2371E1E1448841A0069EF4C /* youeat5-Info.plist */ = {isa = PBXFileReference; lastKnownFileType = text.plist.xml; path = "youeat5-Info.plist"; sourceTree = "<group>"; };
		D2371E201448841A0069EF4C /* en */ = {isa = PBXFileReference; lastKnownFileType = text.plist.strings; name = en; path = en.lproj/InfoPlist.strings; sourceTree = "<group>"; };
		D2371E221448841A0069EF4C /* main.m */ = {isa = PBXFileReference; lastKnownFileType = sourcecode.c.objc; path = main.m; sourceTree = "<group>"; };
		D2371E241448841A0069EF4C /* youeat5-Prefix.pch */ = {isa = PBXFileReference; lastKnownFileType = sourcecode.c.h; path = "youeat5-Prefix.pch"; sourceTree = "<group>"; };
		D2371E251448841A0069EF4C /* AVAppDelegate.h */ = {isa = PBXFileReference; lastKnownFileType = sourcecode.c.h; path = AVAppDelegate.h; sourceTree = "<group>"; };
		D2371E261448841A0069EF4C /* AVAppDelegate.m */ = {isa = PBXFileReference; lastKnownFileType = sourcecode.c.objc; path = AVAppDelegate.m; sourceTree = "<group>"; };
		D2371E291448841A0069EF4C /* en */ = {isa = PBXFileReference; lastKnownFileType = file.storyboard; name = en; path = en.lproj/MainStoryboard_iPhone.storyboard; sourceTree = "<group>"; };
		D2371E2C1448841A0069EF4C /* en */ = {isa = PBXFileReference; lastKnownFileType = file.storyboard; name = en; path = en.lproj/MainStoryboard_iPad.storyboard; sourceTree = "<group>"; };
		D2371E2E1448841B0069EF4C /* AVViewController.h */ = {isa = PBXFileReference; lastKnownFileType = sourcecode.c.h; path = AVViewController.h; sourceTree = "<group>"; };
		D2371E2F1448841B0069EF4C /* AVViewController.m */ = {isa = PBXFileReference; lastKnownFileType = sourcecode.c.objc; path = AVViewController.m; sourceTree = "<group>"; };
		D2371E361448841B0069EF4C /* youeat5Tests.octest */ = {isa = PBXFileReference; explicitFileType = wrapper.cfbundle; includeInIndex = 0; path = youeat5Tests.octest; sourceTree = BUILT_PRODUCTS_DIR; };
		D2371E371448841B0069EF4C /* SenTestingKit.framework */ = {isa = PBXFileReference; lastKnownFileType = wrapper.framework; name = SenTestingKit.framework; path = Library/Frameworks/SenTestingKit.framework; sourceTree = DEVELOPER_DIR; };
		D2371E3F1448841B0069EF4C /* youeat5Tests-Info.plist */ = {isa = PBXFileReference; lastKnownFileType = text.plist.xml; path = "youeat5Tests-Info.plist"; sourceTree = "<group>"; };
		D2371E411448841B0069EF4C /* en */ = {isa = PBXFileReference; lastKnownFileType = text.plist.strings; name = en; path = en.lproj/InfoPlist.strings; sourceTree = "<group>"; };
		D2371E431448841B0069EF4C /* YouEatTests.h */ = {isa = PBXFileReference; lastKnownFileType = sourcecode.c.h; path = YouEatTests.h; sourceTree = "<group>"; };
		D2371E441448841B0069EF4C /* YouEatTests.m */ = {isa = PBXFileReference; lastKnownFileType = sourcecode.c.objc; path = YouEatTests.m; sourceTree = "<group>"; };
		D2371E541448859A0069EF4C /* bg-alert.png */ = {isa = PBXFileReference; lastKnownFileType = image.png; path = "bg-alert.png"; sourceTree = "<group>"; };
		D2371E551448859A0069EF4C /* bg-alert@x2.png */ = {isa = PBXFileReference; lastKnownFileType = image.png; path = "bg-alert@x2.png"; sourceTree = "<group>"; };
		D2371E561448859A0069EF4C /* bg.png */ = {isa = PBXFileReference; lastKnownFileType = image.png; path = bg.png; sourceTree = "<group>"; };
		D2371E571448859A0069EF4C /* bg@2x.png */ = {isa = PBXFileReference; lastKnownFileType = image.png; path = "bg@2x.png"; sourceTree = "<group>"; };
		D2371E591448859A0069EF4C /* Icon@2x.png */ = {isa = PBXFileReference; lastKnownFileType = image.png; name = "Icon@2x.png"; path = "YouEat/Icon@2x.png"; sourceTree = "<group>"; };
		D2371E5A1448859A0069EF4C /* info.png */ = {isa = PBXFileReference; lastKnownFileType = image.png; path = info.png; sourceTree = "<group>"; };
		D2371E5B1448859A0069EF4C /* info@2x.png */ = {isa = PBXFileReference; lastKnownFileType = image.png; path = "info@2x.png"; sourceTree = "<group>"; };
		D2371E5C1448859A0069EF4C /* logo-mela-160.png */ = {isa = PBXFileReference; lastKnownFileType = image.png; path = "logo-mela-160.png"; sourceTree = "<group>"; };
		D2371E5D1448859A0069EF4C /* logo-mela-160@2x.png */ = {isa = PBXFileReference; lastKnownFileType = image.png; path = "logo-mela-160@2x.png"; sourceTree = "<group>"; };
		D2371E5E1448859A0069EF4C /* logo-mela-trasp-160.png */ = {isa = PBXFileReference; lastKnownFileType = image.png; path = "logo-mela-trasp-160.png"; sourceTree = "<group>"; };
		D2371E5F1448859A0069EF4C /* logo-mela-trasp-160@2x.png */ = {isa = PBXFileReference; lastKnownFileType = image.png; path = "logo-mela-trasp-160@2x.png"; sourceTree = "<group>"; };
		D2371E601448859A0069EF4C /* star-gold-mini-off.png */ = {isa = PBXFileReference; lastKnownFileType = image.png; path = "star-gold-mini-off.png"; sourceTree = "<group>"; };
		D2371E611448859A0069EF4C /* star-gold-mini-off@2x.png */ = {isa = PBXFileReference; lastKnownFileType = image.png; path = "star-gold-mini-off@2x.png"; sourceTree = "<group>"; };
		D2371E621448859A0069EF4C /* star-gold-mini.png */ = {isa = PBXFileReference; lastKnownFileType = image.png; path = "star-gold-mini.png"; sourceTree = "<group>"; };
		D2371E631448859A0069EF4C /* star-gold-mini@2x.png */ = {isa = PBXFileReference; lastKnownFileType = image.png; path = "star-gold-mini@2x.png"; sourceTree = "<group>"; };
		D2371E74144886020069EF4C /* about.html */ = {isa = PBXFileReference; fileEncoding = 4; lastKnownFileType = text.html; path = about.html; sourceTree = "<group>"; };
		D2371E75144886020069EF4C /* AboutViewController.h */ = {isa = PBXFileReference; fileEncoding = 4; lastKnownFileType = sourcecode.c.h; path = AboutViewController.h; sourceTree = "<group>"; };
		D2371E76144886020069EF4C /* AboutViewController.m */ = {isa = PBXFileReference; fileEncoding = 4; lastKnownFileType = sourcecode.c.objc; path = AboutViewController.m; sourceTree = "<group>"; };
		D2371E77144886020069EF4C /* DetailRestaurant.h */ = {isa = PBXFileReference; fileEncoding = 4; lastKnownFileType = sourcecode.c.h; path = DetailRestaurant.h; sourceTree = "<group>"; };
		D2371E78144886020069EF4C /* DetailRestaurant.m */ = {isa = PBXFileReference; fileEncoding = 4; lastKnownFileType = sourcecode.c.objc; path = DetailRestaurant.m; sourceTree = "<group>"; };
		D2371E79144886020069EF4C /* JKCustomAlert.h */ = {isa = PBXFileReference; fileEncoding = 4; lastKnownFileType = sourcecode.c.h; path = JKCustomAlert.h; sourceTree = "<group>"; };
		D2371E7A144886020069EF4C /* JKCustomAlert.m */ = {isa = PBXFileReference; fileEncoding = 4; lastKnownFileType = sourcecode.c.objc; path = JKCustomAlert.m; sourceTree = "<group>"; };
		D2371E7B144886020069EF4C /* ListRestaurants.h */ = {isa = PBXFileReference; fileEncoding = 4; lastKnownFileType = sourcecode.c.h; path = ListRestaurants.h; sourceTree = "<group>"; };
		D2371E7C144886020069EF4C /* ListRestaurants.m */ = {isa = PBXFileReference; fileEncoding = 4; lastKnownFileType = sourcecode.c.objc; path = ListRestaurants.m; sourceTree = "<group>"; };
		D2371E85144888F20069EF4C /* QuartzCore.framework */ = {isa = PBXFileReference; lastKnownFileType = wrapper.framework; name = QuartzCore.framework; path = System/Library/Frameworks/QuartzCore.framework; sourceTree = SDKROOT; };
		D2371E87144888F90069EF4C /* CoreLocation.framework */ = {isa = PBXFileReference; lastKnownFileType = wrapper.framework; name = CoreLocation.framework; path = System/Library/Frameworks/CoreLocation.framework; sourceTree = SDKROOT; };
		D256FA421472DE7D00EB0009 /* CoreData.framework */ = {isa = PBXFileReference; lastKnownFileType = wrapper.framework; name = CoreData.framework; path = System/Library/Frameworks/CoreData.framework; sourceTree = SDKROOT; };
		D265EF131460786900919E73 /* AVREsourcesUtil.h */ = {isa = PBXFileReference; fileEncoding = 4; lastKnownFileType = sourcecode.c.h; path = AVREsourcesUtil.h; sourceTree = "<group>"; };
		D265EF141460786900919E73 /* AVREsourcesUtil.m */ = {isa = PBXFileReference; fileEncoding = 4; lastKnownFileType = sourcecode.c.objc; path = AVREsourcesUtil.m; sourceTree = "<group>"; };
		D26FA0E8144DE777004BA90C /* Default@2x.png */ = {isa = PBXFileReference; lastKnownFileType = image.png; path = "Default@2x.png"; sourceTree = "<group>"; };
		D26FFF86144DFB3A00873891 /* Icon.png */ = {isa = PBXFileReference; lastKnownFileType = image.png; path = Icon.png; sourceTree = "<group>"; };
		D2B720A91448BFA8005C0DAF /* RestUtil.h */ = {isa = PBXFileReference; fileEncoding = 4; lastKnownFileType = sourcecode.c.h; path = RestUtil.h; sourceTree = "<group>"; };
		D2B720AA1448BFA8005C0DAF /* RestUtil.m */ = {isa = PBXFileReference; fileEncoding = 4; lastKnownFileType = sourcecode.c.objc; path = RestUtil.m; sourceTree = "<group>"; };
		D2B720AC1448C442005C0DAF /* YouEat.plist */ = {isa = PBXFileReference; fileEncoding = 4; lastKnownFileType = text.plist.xml; path = YouEat.plist; sourceTree = "<group>"; };
		D2EBB29C144DFA6500CF93C0 /* Default.png */ = {isa = PBXFileReference; lastKnownFileType = image.png; path = Default.png; sourceTree = "<group>"; };
/* End PBXFileReference section */

/* Begin PBXFrameworksBuildPhase section */
		D2371E0F1448841A0069EF4C /* Frameworks */ = {
			isa = PBXFrameworksBuildPhase;
			buildActionMask = 2147483647;
			files = (
				D2371E88144888F90069EF4C /* CoreLocation.framework in Frameworks */,
				D2371E86144888F20069EF4C /* QuartzCore.framework in Frameworks */,
				D2371E171448841A0069EF4C /* UIKit.framework in Frameworks */,
				D2371E191448841A0069EF4C /* Foundation.framework in Frameworks */,
				D2371E1B1448841A0069EF4C /* CoreGraphics.framework in Frameworks */,
			);
			runOnlyForDeploymentPostprocessing = 0;
		};
		D2371E321448841B0069EF4C /* Frameworks */ = {
			isa = PBXFrameworksBuildPhase;
			buildActionMask = 2147483647;
			files = (
				D2371E381448841B0069EF4C /* SenTestingKit.framework in Frameworks */,
				D2371E391448841B0069EF4C /* UIKit.framework in Frameworks */,
				D2371E3A1448841B0069EF4C /* Foundation.framework in Frameworks */,
			);
			runOnlyForDeploymentPostprocessing = 0;
		};
/* End PBXFrameworksBuildPhase section */

/* Begin PBXGroup section */
		D203D7EA144F271A00526A90 /* resources */ = {
			isa = PBXGroup;
			children = (
				D203D7F7144F2E0200526A90 /* Localizable.strings */,
			);
			name = resources;
			sourceTree = "<group>";
		};
		D2371E071448841A0069EF4C = {
			isa = PBXGroup;
			children = (
				D26FFF86144DFB3A00873891 /* Icon.png */,
				D2371E591448859A0069EF4C /* Icon@2x.png */,
				D2EBB29C144DFA6500CF93C0 /* Default.png */,
				D26FA0E8144DE777004BA90C /* Default@2x.png */,
				D2371E87144888F90069EF4C /* CoreLocation.framework */,
				D2371E85144888F20069EF4C /* QuartzCore.framework */,
				D2371E1C1448841A0069EF4C /* YouEat5 */,
				D2371E3D1448841B0069EF4C /* YouEat5Tests */,
				D2371E151448841A0069EF4C /* Frameworks */,
				D2371E131448841A0069EF4C /* Products */,
			);
			sourceTree = "<group>";
		};
		D2371E131448841A0069EF4C /* Products */ = {
			isa = PBXGroup;
			children = (
				D2371E121448841A0069EF4C /* youeat5.app */,
				D2371E361448841B0069EF4C /* youeat5Tests.octest */,
			);
			name = Products;
			sourceTree = "<group>";
		};
		D2371E151448841A0069EF4C /* Frameworks */ = {
			isa = PBXGroup;
			children = (
				D2371E161448841A0069EF4C /* UIKit.framework */,
				D2371E181448841A0069EF4C /* Foundation.framework */,
				D2371E1A1448841A0069EF4C /* CoreGraphics.framework */,
				D2371E371448841B0069EF4C /* SenTestingKit.framework */,
				D256FA421472DE7D00EB0009 /* CoreData.framework */,
			);
			name = Frameworks;
			sourceTree = "<group>";
		};
		D2371E1C1448841A0069EF4C /* YouEat5 */ = {
			isa = PBXGroup;
			children = (
				D203D7EA144F271A00526A90 /* resources */,
				D2B720A91448BFA8005C0DAF /* RestUtil.h */,
				D2B720AA1448BFA8005C0DAF /* RestUtil.m */,
				D2371E74144886020069EF4C /* about.html */,
				D2371E75144886020069EF4C /* AboutViewController.h */,
				D2371E76144886020069EF4C /* AboutViewController.m */,
				D2371E77144886020069EF4C /* DetailRestaurant.h */,
				D2371E78144886020069EF4C /* DetailRestaurant.m */,
				D2371E79144886020069EF4C /* JKCustomAlert.h */,
				D2371E7A144886020069EF4C /* JKCustomAlert.m */,
				D2371E7B144886020069EF4C /* ListRestaurants.h */,
				D2371E7C144886020069EF4C /* ListRestaurants.m */,
				D2371E521448855A0069EF4C /* images */,
				D2371E251448841A0069EF4C /* AVAppDelegate.h */,
				D2371E261448841A0069EF4C /* AVAppDelegate.m */,
				D2371E281448841A0069EF4C /* MainStoryboard_iPhone.storyboard */,
				D2371E2B1448841A0069EF4C /* MainStoryboard_iPad.storyboard */,
				D2371E2E1448841B0069EF4C /* AVViewController.h */,
				D2371E2F1448841B0069EF4C /* AVViewController.m */,
				D2371E1D1448841A0069EF4C /* Supporting Files */,
				D265EF131460786900919E73 /* AVREsourcesUtil.h */,
				D265EF141460786900919E73 /* AVREsourcesUtil.m */,
			);
			name = YouEat5;
			path = YouEat;
			sourceTree = "<group>";
		};
		D2371E1D1448841A0069EF4C /* Supporting Files */ = {
			isa = PBXGroup;
			children = (
				D2B720AC1448C442005C0DAF /* YouEat.plist */,
				D2371E1E1448841A0069EF4C /* youeat5-Info.plist */,
				D2371E1F1448841A0069EF4C /* InfoPlist.strings */,
				D2371E221448841A0069EF4C /* main.m */,
				D2371E241448841A0069EF4C /* youeat5-Prefix.pch */,
			);
			name = "Supporting Files";
			sourceTree = "<group>";
		};
		D2371E3D1448841B0069EF4C /* YouEat5Tests */ = {
			isa = PBXGroup;
			children = (
				D2371E431448841B0069EF4C /* YouEatTests.h */,
				D2371E441448841B0069EF4C /* YouEatTests.m */,
				D2371E3E1448841B0069EF4C /* Supporting Files */,
			);
			name = YouEat5Tests;
			path = YouEatTests;
			sourceTree = "<group>";
		};
		D2371E3E1448841B0069EF4C /* Supporting Files */ = {
			isa = PBXGroup;
			children = (
				D2371E3F1448841B0069EF4C /* youeat5Tests-Info.plist */,
				D2371E401448841B0069EF4C /* InfoPlist.strings */,
			);
			name = "Supporting Files";
			sourceTree = "<group>";
		};
		D2371E521448855A0069EF4C /* images */ = {
			isa = PBXGroup;
			children = (
				D2371E541448859A0069EF4C /* bg-alert.png */,
				D2371E551448859A0069EF4C /* bg-alert@x2.png */,
				D2371E561448859A0069EF4C /* bg.png */,
				D2371E571448859A0069EF4C /* bg@2x.png */,
				D2371E5A1448859A0069EF4C /* info.png */,
				D2371E5B1448859A0069EF4C /* info@2x.png */,
				D2371E5C1448859A0069EF4C /* logo-mela-160.png */,
				D2371E5D1448859A0069EF4C /* logo-mela-160@2x.png */,
				D2371E5E1448859A0069EF4C /* logo-mela-trasp-160.png */,
				D2371E5F1448859A0069EF4C /* logo-mela-trasp-160@2x.png */,
				D2371E601448859A0069EF4C /* star-gold-mini-off.png */,
				D2371E611448859A0069EF4C /* star-gold-mini-off@2x.png */,
				D2371E621448859A0069EF4C /* star-gold-mini.png */,
				D2371E631448859A0069EF4C /* star-gold-mini@2x.png */,
			);
			name = images;
			sourceTree = "<group>";
		};
/* End PBXGroup section */

/* Begin PBXNativeTarget section */
		D2371E111448841A0069EF4C /* youeat5 */ = {
			isa = PBXNativeTarget;
			buildConfigurationList = D2371E481448841B0069EF4C /* Build configuration list for PBXNativeTarget "youeat5" */;
			buildPhases = (
				D2371E0E1448841A0069EF4C /* Sources */,
				D2371E0F1448841A0069EF4C /* Frameworks */,
				D2371E101448841A0069EF4C /* Resources */,
			);
			buildRules = (
			);
			dependencies = (
			);
			name = youeat5;
			productName = YouEat;
			productReference = D2371E121448841A0069EF4C /* youeat5.app */;
			productType = "com.apple.product-type.application";
		};
		D2371E351448841B0069EF4C /* youeat5Tests */ = {
			isa = PBXNativeTarget;
			buildConfigurationList = D2371E4B1448841B0069EF4C /* Build configuration list for PBXNativeTarget "youeat5Tests" */;
			buildPhases = (
				D2371E311448841B0069EF4C /* Sources */,
				D2371E321448841B0069EF4C /* Frameworks */,
				D2371E331448841B0069EF4C /* Resources */,
				D2371E341448841B0069EF4C /* ShellScript */,
			);
			buildRules = (
			);
			dependencies = (
				D2371E3C1448841B0069EF4C /* PBXTargetDependency */,
			);
			name = youeat5Tests;
			productName = YouEatTests;
			productReference = D2371E361448841B0069EF4C /* youeat5Tests.octest */;
			productType = "com.apple.product-type.bundle";
		};
/* End PBXNativeTarget section */

/* Begin PBXProject section */
		D2371E091448841A0069EF4C /* Project object */ = {
			isa = PBXProject;
			attributes = {
				LastUpgradeCheck = 0420;
				ORGANIZATIONNAME = Wedjaa;
			};
			buildConfigurationList = D2371E0C1448841A0069EF4C /* Build configuration list for PBXProject "youeat5" */;
			compatibilityVersion = "Xcode 3.2";
			developmentRegion = English;
			hasScannedForEncodings = 0;
			knownRegions = (
				en,
				it,
			);
			mainGroup = D2371E071448841A0069EF4C;
			productRefGroup = D2371E131448841A0069EF4C /* Products */;
			projectDirPath = "";
			projectRoot = "";
			targets = (
				D2371E111448841A0069EF4C /* youeat5 */,
				D2371E351448841B0069EF4C /* youeat5Tests */,
			);
		};
/* End PBXProject section */

/* Begin PBXResourcesBuildPhase section */
		D2371E101448841A0069EF4C /* Resources */ = {
			isa = PBXResourcesBuildPhase;
			buildActionMask = 2147483647;
			files = (
				D2371E211448841A0069EF4C /* InfoPlist.strings in Resources */,
				D2371E2A1448841A0069EF4C /* MainStoryboard_iPhone.storyboard in Resources */,
				D2371E2D1448841B0069EF4C /* MainStoryboard_iPad.storyboard in Resources */,
				D2371E641448859A0069EF4C /* bg-alert.png in Resources */,
				D2371E651448859A0069EF4C /* bg-alert@x2.png in Resources */,
				D2371E661448859A0069EF4C /* bg.png in Resources */,
				D2371E671448859A0069EF4C /* bg@2x.png in Resources */,
				D2371E691448859A0069EF4C /* Icon@2x.png in Resources */,
				D2371E6A1448859A0069EF4C /* info.png in Resources */,
				D2371E6B1448859A0069EF4C /* info@2x.png in Resources */,
				D2371E6C1448859A0069EF4C /* logo-mela-160.png in Resources */,
				D2371E6D1448859A0069EF4C /* logo-mela-160@2x.png in Resources */,
				D2371E6E1448859A0069EF4C /* logo-mela-trasp-160.png in Resources */,
				D2371E6F1448859A0069EF4C /* logo-mela-trasp-160@2x.png in Resources */,
				D2371E701448859A0069EF4C /* star-gold-mini-off.png in Resources */,
				D2371E711448859A0069EF4C /* star-gold-mini-off@2x.png in Resources */,
				D2371E721448859A0069EF4C /* star-gold-mini.png in Resources */,
				D2371E731448859A0069EF4C /* star-gold-mini@2x.png in Resources */,
				D2371E7F144886020069EF4C /* about.html in Resources */,
				D2B720AD1448C442005C0DAF /* YouEat.plist in Resources */,
				D26FA0E9144DE777004BA90C /* Default@2x.png in Resources */,
				D2EBB29D144DFA6500CF93C0 /* Default.png in Resources */,
				D26FFF87144DFB3A00873891 /* Icon.png in Resources */,
				D203D7F9144F2E0200526A90 /* Localizable.strings in Resources */,
			);
			runOnlyForDeploymentPostprocessing = 0;
		};
		D2371E331448841B0069EF4C /* Resources */ = {
			isa = PBXResourcesBuildPhase;
			buildActionMask = 2147483647;
			files = (
				D2371E421448841B0069EF4C /* InfoPlist.strings in Resources */,
			);
			runOnlyForDeploymentPostprocessing = 0;
		};
/* End PBXResourcesBuildPhase section */

/* Begin PBXShellScriptBuildPhase section */
		D2371E341448841B0069EF4C /* ShellScript */ = {
			isa = PBXShellScriptBuildPhase;
			buildActionMask = 2147483647;
			files = (
			);
			inputPaths = (
			);
			outputPaths = (
			);
			runOnlyForDeploymentPostprocessing = 0;
			shellPath = /bin/sh;
			shellScript = "# Run the unit tests in this test bundle.\n\"${SYSTEM_DEVELOPER_DIR}/Tools/RunUnitTests\"\n";
		};
/* End PBXShellScriptBuildPhase section */

/* Begin PBXSourcesBuildPhase section */
		D2371E0E1448841A0069EF4C /* Sources */ = {
			isa = PBXSourcesBuildPhase;
			buildActionMask = 2147483647;
			files = (
				D2371E231448841A0069EF4C /* main.m in Sources */,
				D2371E271448841A0069EF4C /* AVAppDelegate.m in Sources */,
				D2371E301448841B0069EF4C /* AVViewController.m in Sources */,
				D2371E80144886020069EF4C /* AboutViewController.m in Sources */,
				D2371E81144886020069EF4C /* DetailRestaurant.m in Sources */,
				D2371E82144886020069EF4C /* JKCustomAlert.m in Sources */,
				D2371E83144886020069EF4C /* ListRestaurants.m in Sources */,
				D2B720AB1448BFA8005C0DAF /* RestUtil.m in Sources */,
				D265EF151460786900919E73 /* AVREsourcesUtil.m in Sources */,
			);
			runOnlyForDeploymentPostprocessing = 0;
		};
		D2371E311448841B0069EF4C /* Sources */ = {
			isa = PBXSourcesBuildPhase;
			buildActionMask = 2147483647;
			files = (
				D2371E451448841B0069EF4C /* YouEatTests.m in Sources */,
			);
			runOnlyForDeploymentPostprocessing = 0;
		};
/* End PBXSourcesBuildPhase section */

/* Begin PBXTargetDependency section */
		D2371E3C1448841B0069EF4C /* PBXTargetDependency */ = {
			isa = PBXTargetDependency;
			target = D2371E111448841A0069EF4C /* youeat5 */;
			targetProxy = D2371E3B1448841B0069EF4C /* PBXContainerItemProxy */;
		};
/* End PBXTargetDependency section */

/* Begin PBXVariantGroup section */
		D203D7F7144F2E0200526A90 /* Localizable.strings */ = {
			isa = PBXVariantGroup;
			children = (
				D203D7F8144F2E0200526A90 /* en */,
				D203D7FA144F2E0F00526A90 /* it */,
			);
			name = Localizable.strings;
			sourceTree = "<group>";
		};
		D2371E1F1448841A0069EF4C /* InfoPlist.strings */ = {
			isa = PBXVariantGroup;
			children = (
				D2371E201448841A0069EF4C /* en */,
				D203D7EF144F2A9500526A90 /* it */,
			);
			name = InfoPlist.strings;
			sourceTree = "<group>";
		};
		D2371E281448841A0069EF4C /* MainStoryboard_iPhone.storyboard */ = {
			isa = PBXVariantGroup;
			children = (
				D2371E291448841A0069EF4C /* en */,
				D203D7F1144F2A9500526A90 /* it */,
			);
			name = MainStoryboard_iPhone.storyboard;
			sourceTree = "<group>";
		};
		D2371E2B1448841A0069EF4C /* MainStoryboard_iPad.storyboard */ = {
			isa = PBXVariantGroup;
			children = (
				D2371E2C1448841A0069EF4C /* en */,
				D203D7F0144F2A9500526A90 /* it */,
			);
			name = MainStoryboard_iPad.storyboard;
			sourceTree = "<group>";
		};
		D2371E401448841B0069EF4C /* InfoPlist.strings */ = {
			isa = PBXVariantGroup;
			children = (
				D2371E411448841B0069EF4C /* en */,
				D203D7F2144F2A9500526A90 /* it */,
			);
			name = InfoPlist.strings;
			sourceTree = "<group>";
		};
/* End PBXVariantGroup section */

/* Begin XCBuildConfiguration section */
		D2371E461448841B0069EF4C /* Debug */ = {
			isa = XCBuildConfiguration;
			buildSettings = {
				ALWAYS_SEARCH_USER_PATHS = NO;
				ARCHS = "$(ARCHS_STANDARD_32_BIT)";
				CLANG_ENABLE_OBJC_ARC = YES;
				CODE_SIGN_IDENTITY = "iPhone Developer: Alessandro Vincelli (5H975GUKZC)";
				"CODE_SIGN_IDENTITY[sdk=iphoneos*]" = "iPhone Developer: Alessandro Vincelli (5H975GUKZC)";
				COPY_PHASE_STRIP = NO;
				GCC_C_LANGUAGE_STANDARD = gnu99;
				GCC_DYNAMIC_NO_PIC = NO;
				GCC_OPTIMIZATION_LEVEL = 0;
				GCC_PREPROCESSOR_DEFINITIONS = (
					"DEBUG=1",
					"$(inherited)",
				);
				GCC_SYMBOLS_PRIVATE_EXTERN = NO;
				GCC_VERSION = "";
				GCC_WARN_ABOUT_MISSING_PROTOTYPES = YES;
				GCC_WARN_ABOUT_RETURN_TYPE = YES;
				GCC_WARN_UNUSED_VARIABLE = YES;
				IPHONEOS_DEPLOYMENT_TARGET = 5.0;
				PROVISIONING_PROFILE = "846B5F50-7FB8-4C87-ABCA-1C8362B33BBA";
				"PROVISIONING_PROFILE[sdk=iphoneos*]" = "846B5F50-7FB8-4C87-ABCA-1C8362B33BBA";
				SDKROOT = iphoneos;
				TARGETED_DEVICE_FAMILY = 1;
				VALIDATE_PRODUCT = YES;
				VALID_ARCHS = armv7;
			};
			name = Debug;
		};
		D2371E471448841B0069EF4C /* Release */ = {
			isa = XCBuildConfiguration;
			buildSettings = {
				ALWAYS_SEARCH_USER_PATHS = NO;
				ARCHS = "$(ARCHS_STANDARD_32_BIT)";
				CLANG_ENABLE_OBJC_ARC = YES;
				CODE_SIGN_IDENTITY = "iPhone Developer: Alessandro Vincelli (5H975GUKZC)";
				"CODE_SIGN_IDENTITY[sdk=iphoneos*]" = "iPhone Developer: Alessandro Vincelli (5H975GUKZC)";
				COPY_PHASE_STRIP = YES;
				GCC_C_LANGUAGE_STANDARD = gnu99;
				GCC_VERSION = "";
				GCC_WARN_ABOUT_MISSING_PROTOTYPES = YES;
				GCC_WARN_ABOUT_RETURN_TYPE = YES;
				GCC_WARN_UNUSED_VARIABLE = YES;
				IPHONEOS_DEPLOYMENT_TARGET = 5.0;
				OTHER_CFLAGS = "-DNS_BLOCK_ASSERTIONS=1";
				PROVISIONING_PROFILE = "846B5F50-7FB8-4C87-ABCA-1C8362B33BBA";
				"PROVISIONING_PROFILE[sdk=iphoneos*]" = "846B5F50-7FB8-4C87-ABCA-1C8362B33BBA";
				SDKROOT = iphoneos;
				TARGETED_DEVICE_FAMILY = 1;
				VALIDATE_PRODUCT = YES;
				VALID_ARCHS = armv7;
			};
			name = Release;
		};
		D2371E491448841B0069EF4C /* Debug */ = {
			isa = XCBuildConfiguration;
			buildSettings = {
				CODE_SIGN_IDENTITY = "iPhone Developer: Alessandro Vincelli (5H975GUKZC)";
				"CODE_SIGN_IDENTITY[sdk=iphoneos*]" = "iPhone Developer: Alessandro Vincelli (5H975GUKZC)";
				GCC_PRECOMPILE_PREFIX_HEADER = YES;
				GCC_PREFIX_HEADER = "YouEat/youeat5-Prefix.pch";
				GCC_VERSION = com.apple.compilers.llvm.clang.1_0;
				INFOPLIST_FILE = "YouEat/youeat5-Info.plist";
				IPHONEOS_DEPLOYMENT_TARGET = 5.0;
				New_Setting = "";
				PRODUCT_NAME = youeat5;
				PROVISIONING_PROFILE = "846B5F50-7FB8-4C87-ABCA-1C8362B33BBA";
				"PROVISIONING_PROFILE[sdk=iphoneos*]" = "12CD7D58-D0F9-4B6E-B044-82A6EECE6015";
				TARGETED_DEVICE_FAMILY = 1;
				VALIDATE_PRODUCT = YES;
				WRAPPER_EXTENSION = app;
			};
			name = Debug;
		};
		D2371E4A1448841B0069EF4C /* Release */ = {
			isa = XCBuildConfiguration;
			buildSettings = {
				CODE_SIGN_IDENTITY = "iPhone Developer: Alessandro Vincelli (5H975GUKZC)";
				"CODE_SIGN_IDENTITY[sdk=iphoneos*]" = "iPhone Developer: Alessandro Vincelli (5H975GUKZC)";
				GCC_PRECOMPILE_PREFIX_HEADER = YES;
				GCC_PREFIX_HEADER = "YouEat/youeat5-Prefix.pch";
				GCC_VERSION = com.apple.compilers.llvm.clang.1_0;
				INFOPLIST_FILE = "YouEat/youeat5-Info.plist";
				IPHONEOS_DEPLOYMENT_TARGET = 5.0;
				New_Setting = "";
				PRODUCT_NAME = youeat5;
				PROVISIONING_PROFILE = "846B5F50-7FB8-4C87-ABCA-1C8362B33BBA";
				"PROVISIONING_PROFILE[sdk=iphoneos*]" = "12CD7D58-D0F9-4B6E-B044-82A6EECE6015";
				TARGETED_DEVICE_FAMILY = 1;
				WRAPPER_EXTENSION = app;
			};
			name = Release;
		};
		D2371E4C1448841B0069EF4C /* Debug */ = {
			isa = XCBuildConfiguration;
			buildSettings = {
				BUNDLE_LOADER = "$(BUILT_PRODUCTS_DIR)/YouEat.app/YouEat";
				FRAMEWORK_SEARCH_PATHS = (
					"$(SDKROOT)/Developer/Library/Frameworks",
					"$(DEVELOPER_LIBRARY_DIR)/Frameworks",
				);
				GCC_PRECOMPILE_PREFIX_HEADER = YES;
				GCC_PREFIX_HEADER = "YouEat/YouEat-Prefix.pch";
				INFOPLIST_FILE = "YouEatTests/youeat5Tests-Info.plist";
				PRODUCT_NAME = youeat5Tests;
				TEST_HOST = "$(BUNDLE_LOADER)";
				WRAPPER_EXTENSION = octest;
			};
			name = Debug;
		};
		D2371E4D1448841B0069EF4C /* Release */ = {
			isa = XCBuildConfiguration;
			buildSettings = {
				BUNDLE_LOADER = "$(BUILT_PRODUCTS_DIR)/YouEat.app/YouEat";
				FRAMEWORK_SEARCH_PATHS = (
					"$(SDKROOT)/Developer/Library/Frameworks",
					"$(DEVELOPER_LIBRARY_DIR)/Frameworks",
				);
				GCC_PRECOMPILE_PREFIX_HEADER = YES;
				GCC_PREFIX_HEADER = "YouEat/YouEat-Prefix.pch";
				INFOPLIST_FILE = "YouEatTests/youeat5Tests-Info.plist";
				PRODUCT_NAME = youeat5Tests;
				TEST_HOST = "$(BUNDLE_LOADER)";
				WRAPPER_EXTENSION = octest;
			};
			name = Release;
		};
/* End XCBuildConfiguration section */

/* Begin XCConfigurationList section */
		D2371E0C1448841A0069EF4C /* Build configuration list for PBXProject "youeat5" */ = {
			isa = XCConfigurationList;
			buildConfigurations = (
				D2371E461448841B0069EF4C /* Debug */,
				D2371E471448841B0069EF4C /* Release */,
			);
			defaultConfigurationIsVisible = 0;
			defaultConfigurationName = Release;
		};
		D2371E481448841B0069EF4C /* Build configuration list for PBXNativeTarget "youeat5" */ = {
			isa = XCConfigurationList;
			buildConfigurations = (
				D2371E491448841B0069EF4C /* Debug */,
				D2371E4A1448841B0069EF4C /* Release */,
			);
			defaultConfigurationIsVisible = 0;
			defaultConfigurationName = Release;
		};
		D2371E4B1448841B0069EF4C /* Build configuration list for PBXNativeTarget "youeat5Tests" */ = {
			isa = XCConfigurationList;
			buildConfigurations = (
				D2371E4C1448841B0069EF4C /* Debug */,
				D2371E4D1448841B0069EF4C /* Release */,
			);
			defaultConfigurationIsVisible = 0;
			defaultConfigurationName = Release;
		};
/* End XCConfigurationList section */
	};
	rootObject = D2371E091448841A0069EF4C /* Project object */;
}
